// !$*UTF8*$!
{
	archiveVersion = 1;
	classes = {
	};
	objectVersion = 50;
	objects = {

/* Begin PBXBuildFile section */
		6ACCFC8B2154A97400A8A357 /* MenuItemDetailViewController.swift in Sources */ = {isa = PBXBuildFile; fileRef = 6ACCFC8A2154A97400A8A357 /* MenuItemDetailViewController.swift */; };
		6ACCFC8E2154A9FB00A8A357 /* AddToOrderDelegate.swift in Sources */ = {isa = PBXBuildFile; fileRef = 6ACCFC8D2154A9FB00A8A357 /* AddToOrderDelegate.swift */; };
		6ACCFC902154AA1400A8A357 /* OrderConfirmationViewController.swift in Sources */ = {isa = PBXBuildFile; fileRef = 6ACCFC8F2154AA1400A8A357 /* OrderConfirmationViewController.swift */; };
		A9C0185521432161007077A4 /* AppDelegate.swift in Sources */ = {isa = PBXBuildFile; fileRef = A9C0185421432161007077A4 /* AppDelegate.swift */; };
		A9C0185721432161007077A4 /* ViewController.swift in Sources */ = {isa = PBXBuildFile; fileRef = A9C0185621432161007077A4 /* ViewController.swift */; };
		A9C0185A21432161007077A4 /* Main.storyboard in Resources */ = {isa = PBXBuildFile; fileRef = A9C0185821432161007077A4 /* Main.storyboard */; };
		A9C0185C21432162007077A4 /* Assets.xcassets in Resources */ = {isa = PBXBuildFile; fileRef = A9C0185B21432162007077A4 /* Assets.xcassets */; };
		A9C0185F21432162007077A4 /* LaunchScreen.storyboard in Resources */ = {isa = PBXBuildFile; fileRef = A9C0185D21432162007077A4 /* LaunchScreen.storyboard */; };
		A9C018672143269F007077A4 /* CategoryTableViewController.swift in Sources */ = {isa = PBXBuildFile; fileRef = A9C018662143269F007077A4 /* CategoryTableViewController.swift */; };
		A9C01869214326B3007077A4 /* MenuTableViewController.swift in Sources */ = {isa = PBXBuildFile; fileRef = A9C01868214326B3007077A4 /* MenuTableViewController.swift */; };
		A9C0186B214326E3007077A4 /* OrderTableViewController.swift in Sources */ = {isa = PBXBuildFile; fileRef = A9C0186A214326E3007077A4 /* OrderTableViewController.swift */; };
		A9C0186D21432768007077A4 /* MenuItem.swift in Sources */ = {isa = PBXBuildFile; fileRef = A9C0186C21432768007077A4 /* MenuItem.swift */; };
		A9C0186F214327DC007077A4 /* MenuItems.swift in Sources */ = {isa = PBXBuildFile; fileRef = A9C0186E214327DC007077A4 /* MenuItems.swift */; };
		A9C01871214327F8007077A4 /* Categories.swift in Sources */ = {isa = PBXBuildFile; fileRef = A9C01870214327F8007077A4 /* Categories.swift */; };
		A9C018732143281A007077A4 /* PreparationTime.swift in Sources */ = {isa = PBXBuildFile; fileRef = A9C018722143281A007077A4 /* PreparationTime.swift */; };
		A9C0187521432897007077A4 /* MenuController.swift in Sources */ = {isa = PBXBuildFile; fileRef = A9C0187421432897007077A4 /* MenuController.swift */; };
/* End PBXBuildFile section */

/* Begin PBXFileReference section */
		6ACCFC8A2154A97400A8A357 /* MenuItemDetailViewController.swift */ = {isa = PBXFileReference; lastKnownFileType = sourcecode.swift; path = MenuItemDetailViewController.swift; sourceTree = "<group>"; };
		6ACCFC8D2154A9FB00A8A357 /* AddToOrderDelegate.swift */ = {isa = PBXFileReference; lastKnownFileType = sourcecode.swift; path = AddToOrderDelegate.swift; sourceTree = "<group>"; };
		6ACCFC8F2154AA1400A8A357 /* OrderConfirmationViewController.swift */ = {isa = PBXFileReference; lastKnownFileType = sourcecode.swift; path = OrderConfirmationViewController.swift; sourceTree = "<group>"; };
		A9C0185121432161007077A4 /* RestaurantApp.app */ = {isa = PBXFileReference; explicitFileType = wrapper.application; includeInIndex = 0; path = RestaurantApp.app; sourceTree = BUILT_PRODUCTS_DIR; };
		A9C0185421432161007077A4 /* AppDelegate.swift */ = {isa = PBXFileReference; lastKnownFileType = sourcecode.swift; path = AppDelegate.swift; sourceTree = "<group>"; };
		A9C0185621432161007077A4 /* ViewController.swift */ = {isa = PBXFileReference; lastKnownFileType = sourcecode.swift; path = ViewController.swift; sourceTree = "<group>"; };
		A9C0185921432161007077A4 /* Base */ = {isa = PBXFileReference; lastKnownFileType = file.storyboard; name = Base; path = Base.lproj/Main.storyboard; sourceTree = "<group>"; };
		A9C0185B21432162007077A4 /* Assets.xcassets */ = {isa = PBXFileReference; lastKnownFileType = folder.assetcatalog; path = Assets.xcassets; sourceTree = "<group>"; };
		A9C0185E21432162007077A4 /* Base */ = {isa = PBXFileReference; lastKnownFileType = file.storyboard; name = Base; path = Base.lproj/LaunchScreen.storyboard; sourceTree = "<group>"; };
		A9C0186021432162007077A4 /* Info.plist */ = {isa = PBXFileReference; lastKnownFileType = text.plist.xml; path = Info.plist; sourceTree = "<group>"; };
		A9C018662143269F007077A4 /* CategoryTableViewController.swift */ = {isa = PBXFileReference; lastKnownFileType = sourcecode.swift; path = CategoryTableViewController.swift; sourceTree = "<group>"; };
		A9C01868214326B3007077A4 /* MenuTableViewController.swift */ = {isa = PBXFileReference; lastKnownFileType = sourcecode.swift; path = MenuTableViewController.swift; sourceTree = "<group>"; };
		A9C0186A214326E3007077A4 /* OrderTableViewController.swift */ = {isa = PBXFileReference; lastKnownFileType = sourcecode.swift; path = OrderTableViewController.swift; sourceTree = "<group>"; };
		A9C0186C21432768007077A4 /* MenuItem.swift */ = {isa = PBXFileReference; lastKnownFileType = sourcecode.swift; path = MenuItem.swift; sourceTree = "<group>"; };
		A9C0186E214327DC007077A4 /* MenuItems.swift */ = {isa = PBXFileReference; lastKnownFileType = sourcecode.swift; path = MenuItems.swift; sourceTree = "<group>"; };
		A9C01870214327F8007077A4 /* Categories.swift */ = {isa = PBXFileReference; lastKnownFileType = sourcecode.swift; path = Categories.swift; sourceTree = "<group>"; };
		A9C018722143281A007077A4 /* PreparationTime.swift */ = {isa = PBXFileReference; lastKnownFileType = sourcecode.swift; path = PreparationTime.swift; sourceTree = "<group>"; };
		A9C0187421432897007077A4 /* MenuController.swift */ = {isa = PBXFileReference; lastKnownFileType = sourcecode.swift; path = MenuController.swift; sourceTree = "<group>"; };
/* End PBXFileReference section */

/* Begin PBXFrameworksBuildPhase section */
		A9C0184E21432161007077A4 /* Frameworks */ = {
			isa = PBXFrameworksBuildPhase;
			buildActionMask = 2147483647;
			files = (
			);
			runOnlyForDeploymentPostprocessing = 0;
		};
/* End PBXFrameworksBuildPhase section */

/* Begin PBXGroup section */
		A9C0184821432160007077A4 = {
			isa = PBXGroup;
			children = (
				A9C0185321432161007077A4 /* RestaurantApp */,
				A9C0185221432161007077A4 /* Products */,
			);
			sourceTree = "<group>";
		};
		A9C0185221432161007077A4 /* Products */ = {
			isa = PBXGroup;
			children = (
				A9C0185121432161007077A4 /* RestaurantApp.app */,
			);
			name = Products;
			sourceTree = "<group>";
		};
		A9C0185321432161007077A4 /* RestaurantApp */ = {
			isa = PBXGroup;
			children = (
				A9C0185421432161007077A4 /* AppDelegate.swift */,
				A9C0185621432161007077A4 /* ViewController.swift */,
				A9C0185821432161007077A4 /* Main.storyboard */,
				A9C0185B21432162007077A4 /* Assets.xcassets */,
				A9C0185D21432162007077A4 /* LaunchScreen.storyboard */,
				A9C0186021432162007077A4 /* Info.plist */,
				A9C0187421432897007077A4 /* MenuController.swift */,
				A9C01868214326B3007077A4 /* MenuTableViewController.swift */,
				A9C0186A214326E3007077A4 /* OrderTableViewController.swift */,
				A9C018662143269F007077A4 /* CategoryTableViewController.swift */,
				6ACCFC8A2154A97400A8A357 /* MenuItemDetailViewController.swift */,
				A9C0186C21432768007077A4 /* MenuItem.swift */,
				A9C0186E214327DC007077A4 /* MenuItems.swift */,
				A9C01870214327F8007077A4 /* Categories.swift */,
				A9C018722143281A007077A4 /* PreparationTime.swift */,
				6ACCFC8D2154A9FB00A8A357 /* AddToOrderDelegate.swift */,
				6ACCFC8F2154AA1400A8A357 /* OrderConfirmationViewController.swift */,
			);
			path = RestaurantApp;
			sourceTree = "<group>";
		};
/* End PBXGroup section */

/* Begin PBXNativeTarget section */
		A9C0185021432161007077A4 /* RestaurantApp */ = {
			isa = PBXNativeTarget;
			buildConfigurationList = A9C0186321432162007077A4 /* Build configuration list for PBXNativeTarget "RestaurantApp" */;
			buildPhases = (
				A9C0184D21432161007077A4 /* Sources */,
				A9C0184E21432161007077A4 /* Frameworks */,
				A9C0184F21432161007077A4 /* Resources */,
			);
			buildRules = (
			);
			dependencies = (
			);
			name = RestaurantApp;
			productName = RestaurantApp;
			productReference = A9C0185121432161007077A4 /* RestaurantApp.app */;
			productType = "com.apple.product-type.application";
		};
/* End PBXNativeTarget section */

/* Begin PBXProject section */
		A9C0184921432160007077A4 /* Project object */ = {
			isa = PBXProject;
			attributes = {
				LastSwiftUpdateCheck = 0940;
				LastUpgradeCheck = 0940;
				ORGANIZATIONNAME = RodriguezIsaac;
				TargetAttributes = {
					A9C0185021432161007077A4 = {
						CreatedOnToolsVersion = 9.4.1;
						LastSwiftMigration = 1000;
					};
				};
			};
			buildConfigurationList = A9C0184C21432160007077A4 /* Build configuration list for PBXProject "RestaurantApp" */;
			compatibilityVersion = "Xcode 9.3";
			developmentRegion = en;
			hasScannedForEncodings = 0;
			knownRegions = (
				en,
				Base,
			);
			mainGroup = A9C0184821432160007077A4;
			productRefGroup = A9C0185221432161007077A4 /* Products */;
			projectDirPath = "";
			projectRoot = "";
			targets = (
				A9C0185021432161007077A4 /* RestaurantApp */,
			);
		};
/* End PBXProject section */

/* Begin PBXResourcesBuildPhase section */
		A9C0184F21432161007077A4 /* Resources */ = {
			isa = PBXResourcesBuildPhase;
			buildActionMask = 2147483647;
			files = (
				A9C0185F21432162007077A4 /* LaunchScreen.storyboard in Resources */,
				A9C0185C21432162007077A4 /* Assets.xcassets in Resources */,
				A9C0185A21432161007077A4 /* Main.storyboard in Resources */,
			);
			runOnlyForDeploymentPostprocessing = 0;
		};
/* End PBXResourcesBuildPhase section */

/* Begin PBXSourcesBuildPhase section */
		A9C0184D21432161007077A4 /* Sources */ = {
			isa = PBXSourcesBuildPhase;
			buildActionMask = 2147483647;
			files = (
				A9C0187521432897007077A4 /* MenuController.swift in Sources */,
				A9C01869214326B3007077A4 /* MenuTableViewController.swift in Sources */,
				A9C01871214327F8007077A4 /* Categories.swift in Sources */,
				A9C0186B214326E3007077A4 /* OrderTableViewController.swift in Sources */,
				6ACCFC902154AA1400A8A357 /* OrderConfirmationViewController.swift in Sources */,
				A9C0185721432161007077A4 /* ViewController.swift in Sources */,
				A9C0186D21432768007077A4 /* MenuItem.swift in Sources */,
				6ACCFC8E2154A9FB00A8A357 /* AddToOrderDelegate.swift in Sources */,
				A9C0186F214327DC007077A4 /* MenuItems.swift in Sources */,
				A9C018732143281A007077A4 /* PreparationTime.swift in Sources */,
				A9C0185521432161007077A4 /* AppDelegate.swift in Sources */,
				6ACCFC8B2154A97400A8A357 /* MenuItemDetailViewController.swift in Sources */,
				A9C018672143269F007077A4 /* CategoryTableViewController.swift in Sources */,
			);
			runOnlyForDeploymentPostprocessing = 0;
		};
/* End PBXSourcesBuildPhase section */

/* Begin PBXVariantGroup section */
		A9C0185821432161007077A4 /* Main.storyboard */ = {
			isa = PBXVariantGroup;
			children = (
				A9C0185921432161007077A4 /* Base */,
			);
			name = Main.storyboard;
			sourceTree = "<group>";
		};
		A9C0185D21432162007077A4 /* LaunchScreen.storyboard */ = {
			isa = PBXVariantGroup;
			children = (
				A9C0185E21432162007077A4 /* Base */,
			);
			name = LaunchScreen.storyboard;
			sourceTree = "<group>";
		};
/* End PBXVariantGroup section */

/* Begin XCBuildConfiguration section */
		A9C0186121432162007077A4 /* Debug */ = {
			isa = XCBuildConfiguration;
			buildSettings = {
				ALWAYS_SEARCH_USER_PATHS = NO;
				CLANG_ANALYZER_NONNULL = YES;
				CLANG_ANALYZER_NUMBER_OBJECT_CONVERSION = YES_AGGRESSIVE;
				CLANG_CXX_LANGUAGE_STANDARD = "gnu++14";
				CLANG_CXX_LIBRARY = "libc++";
				CLANG_ENABLE_MODULES = YES;
				CLANG_ENABLE_OBJC_ARC = YES;
				CLANG_ENABLE_OBJC_WEAK = YES;
				CLANG_WARN_BLOCK_CAPTURE_AUTORELEASING = YES;
				CLANG_WARN_BOOL_CONVERSION = YES;
				CLANG_WARN_COMMA = YES;
				CLANG_WARN_CONSTANT_CONVERSION = YES;
				CLANG_WARN_DEPRECATED_OBJC_IMPLEMENTATIONS = YES;
				CLANG_WARN_DIRECT_OBJC_ISA_USAGE = YES_ERROR;
				CLANG_WARN_DOCUMENTATION_COMMENTS = YES;
				CLANG_WARN_EMPTY_BODY = YES;
				CLANG_WARN_ENUM_CONVERSION = YES;
				CLANG_WARN_INFINITE_RECURSION = YES;
				CLANG_WARN_INT_CONVERSION = YES;
				CLANG_WARN_NON_LITERAL_NULL_CONVERSION = YES;
				CLANG_WARN_OBJC_IMPLICIT_RETAIN_SELF = YES;
				CLANG_WARN_OBJC_LITERAL_CONVERSION = YES;
				CLANG_WARN_OBJC_ROOT_CLASS = YES_ERROR;
				CLANG_WARN_RANGE_LOOP_ANALYSIS = YES;
				CLANG_WARN_STRICT_PROTOTYPES = YES;
				CLANG_WARN_SUSPICIOUS_MOVE = YES;
				CLANG_WARN_UNGUARDED_AVAILABILITY = YES_AGGRESSIVE;
				CLANG_WARN_UNREACHABLE_CODE = YES;
				CLANG_WARN__DUPLICATE_METHOD_MATCH = YES;
				CODE_SIGN_IDENTITY = "iPhone Developer";
				COPY_PHASE_STRIP = NO;
				DEBUG_INFORMATION_FORMAT = dwarf;
				ENABLE_STRICT_OBJC_MSGSEND = YES;
				ENABLE_TESTABILITY = YES;
				GCC_C_LANGUAGE_STANDARD = gnu11;
				GCC_DYNAMIC_NO_PIC = NO;
				GCC_NO_COMMON_BLOCKS = YES;
				GCC_OPTIMIZATION_LEVEL = 0;
				GCC_PREPROCESSOR_DEFINITIONS = (
					"DEBUG=1",
					"$(inherited)",
				);
				GCC_WARN_64_TO_32_BIT_CONVERSION = YES;
				GCC_WARN_ABOUT_RETURN_TYPE = YES_ERROR;
				GCC_WARN_UNDECLARED_SELECTOR = YES;
				GCC_WARN_UNINITIALIZED_AUTOS = YES_AGGRESSIVE;
				GCC_WARN_UNUSED_FUNCTION = YES;
				GCC_WARN_UNUSED_VARIABLE = YES;
				IPHONEOS_DEPLOYMENT_TARGET = 11.4;
				MTL_ENABLE_DEBUG_INFO = YES;
				ONLY_ACTIVE_ARCH = YES;
				SDKROOT = iphoneos;
				SWIFT_ACTIVE_COMPILATION_CONDITIONS = DEBUG;
				SWIFT_OPTIMIZATION_LEVEL = "-Onone";
			};
			name = Debug;
		};
		A9C0186221432162007077A4 /* Release */ = {
			isa = XCBuildConfiguration;
			buildSettings = {
				ALWAYS_SEARCH_USER_PATHS = NO;
				CLANG_ANALYZER_NONNULL = YES;
				CLANG_ANALYZER_NUMBER_OBJECT_CONVERSION = YES_AGGRESSIVE;
				CLANG_CXX_LANGUAGE_STANDARD = "gnu++14";
				CLANG_CXX_LIBRARY = "libc++";
				CLANG_ENABLE_MODULES = YES;
				CLANG_ENABLE_OBJC_ARC = YES;
				CLANG_ENABLE_OBJC_WEAK = YES;
				CLANG_WARN_BLOCK_CAPTURE_AUTORELEASING = YES;
				CLANG_WARN_BOOL_CONVERSION = YES;
				CLANG_WARN_COMMA = YES;
				CLANG_WARN_CONSTANT_CONVERSION = YES;
				CLANG_WARN_DEPRECATED_OBJC_IMPLEMENTATIONS = YES;
				CLANG_WARN_DIRECT_OBJC_ISA_USAGE = YES_ERROR;
				CLANG_WARN_DOCUMENTATION_COMMENTS = YES;
				CLANG_WARN_EMPTY_BODY = YES;
				CLANG_WARN_ENUM_CONVERSION = YES;
				CLANG_WARN_INFINITE_RECURSION = YES;
				CLANG_WARN_INT_CONVERSION = YES;
				CLANG_WARN_NON_LITERAL_NULL_CONVERSION = YES;
				CLANG_WARN_OBJC_IMPLICIT_RETAIN_SELF = YES;
				CLANG_WARN_OBJC_LITERAL_CONVERSION = YES;
				CLANG_WARN_OBJC_ROOT_CLASS = YES_ERROR;
				CLANG_WARN_RANGE_LOOP_ANALYSIS = YES;
				CLANG_WARN_STRICT_PROTOTYPES = YES;
				CLANG_WARN_SUSPICIOUS_MOVE = YES;
				CLANG_WARN_UNGUARDED_AVAILABILITY = YES_AGGRESSIVE;
				CLANG_WARN_UNREACHABLE_CODE = YES;
				CLANG_WARN__DUPLICATE_METHOD_MATCH = YES;
				CODE_SIGN_IDENTITY = "iPhone Developer";
				COPY_PHASE_STRIP = NO;
				DEBUG_INFORMATION_FORMAT = "dwarf-with-dsym";
				ENABLE_NS_ASSERTIONS = NO;
				ENABLE_STRICT_OBJC_MSGSEND = YES;
				GCC_C_LANGUAGE_STANDARD = gnu11;
				GCC_NO_COMMON_BLOCKS = YES;
				GCC_WARN_64_TO_32_BIT_CONVERSION = YES;
				GCC_WARN_ABOUT_RETURN_TYPE = YES_ERROR;
				GCC_WARN_UNDECLARED_SELECTOR = YES;
				GCC_WARN_UNINITIALIZED_AUTOS = YES_AGGRESSIVE;
				GCC_WARN_UNUSED_FUNCTION = YES;
				GCC_WARN_UNUSED_VARIABLE = YES;
				IPHONEOS_DEPLOYMENT_TARGET = 11.4;
				MTL_ENABLE_DEBUG_INFO = NO;
				SDKROOT = iphoneos;
				SWIFT_COMPILATION_MODE = wholemodule;
				SWIFT_OPTIMIZATION_LEVEL = "-O";
				VALIDATE_PRODUCT = YES;
			};
			name = Release;
		};
		A9C0186421432162007077A4 /* Debug */ = {
			isa = XCBuildConfiguration;
			buildSettings = {
				ASSETCATALOG_COMPILER_APPICON_NAME = AppIcon;
				CODE_SIGN_STYLE = Automatic;
				DEVELOPMENT_TEAM = P494G786TU;
				INFOPLIST_FILE = RestaurantApp/Info.plist;
				LD_RUNPATH_SEARCH_PATHS = (
					"$(inherited)",
					"@executable_path/Frameworks",
				);
				PRODUCT_BUNDLE_IDENTIFIER = com.Isaac.RestaurantApp;
				PRODUCT_NAME = "$(TARGET_NAME)";
				SWIFT_VERSION = 4.2;
				TARGETED_DEVICE_FAMILY = "1,2";
			};
			name = Debug;
		};
		A9C0186521432162007077A4 /* Release */ = {
			isa = XCBuildConfiguration;
			buildSettings = {
				ASSETCATALOG_COMPILER_APPICON_NAME = AppIcon;
				CODE_SIGN_STYLE = Automatic;
				DEVELOPMENT_TEAM = P494G786TU;
				INFOPLIST_FILE = RestaurantApp/Info.plist;
				LD_RUNPATH_SEARCH_PATHS = (
					"$(inherited)",
					"@executable_path/Frameworks",
				);
				PRODUCT_BUNDLE_IDENTIFIER = com.Isaac.RestaurantApp;
				PRODUCT_NAME = "$(TARGET_NAME)";
				SWIFT_VERSION = 4.2;
				TARGETED_DEVICE_FAMILY = "1,2";
			};
			name = Release;
		};
/* End XCBuildConfiguration section */

/* Begin XCConfigurationList section */
		A9C0184C21432160007077A4 /* Build configuration list for PBXProject "RestaurantApp" */ = {
			isa = XCConfigurationList;
			buildConfigurations = (
				A9C0186121432162007077A4 /* Debug */,
				A9C0186221432162007077A4 /* Release */,
			);
			defaultConfigurationIsVisible = 0;
			defaultConfigurationName = Release;
		};
		A9C0186321432162007077A4 /* Build configuration list for PBXNativeTarget "RestaurantApp" */ = {
			isa = XCConfigurationList;
			buildConfigurations = (
				A9C0186421432162007077A4 /* Debug */,
				A9C0186521432162007077A4 /* Release */,
			);
			defaultConfigurationIsVisible = 0;
			defaultConfigurationName = Release;
		};
/* End XCConfigurationList section */
	};
	rootObject = A9C0184921432160007077A4 /* Project object */;
}
